
Microsoft Visual Studio Solution File, Format Version 12.00
# Visual Studio Version 17
VisualStudioVersion = 17.7.34221.43
MinimumVisualStudioVersion = 10.0.40219.1
Project("{FAE04EC0-301F-11D3-BF4B-00C04F79EFBC}") = "Empire_ERP", "Empire_ERP\Empire_ERP.csproj", "{2F92A94A-2721-4611-80DD-A85B2B61479D}"
EndProject
Project("{FAE04EC0-301F-11D3-BF4B-00C04F79EFBC}") = "Empire_ERP.Core", "Empire_ERP.Core\Empire_ERP.Core.csproj", "{A110A123-28E2-4C96-B9A9-47CCCA7B9B01}"
EndProject
Project("{FAE04EC0-301F-11D3-BF4B-00C04F79EFBC}") = "Empire_ERP.Infrastructure", "Empire_ERP.Infrastructure\Empire_ERP.Infrastructure.csproj", "{AFA591DF-3B05-4282-A6D1-2A95C9B63BB7}"
EndProject
Global
	GlobalSection(SolutionConfigurationPlatforms) = preSolution
		Debug|Any CPU = Debug|Any CPU
		Release|Any CPU = Release|Any CPU
	EndGlobalSection
	GlobalSection(ProjectConfigurationPlatforms) = postSolution
		{2F92A94A-2721-4611-80DD-A85B2B61479D}.Debug|Any CPU.ActiveCfg = Debug|Any CPU
		{2F92A94A-2721-4611-80DD-A85B2B61479D}.Debug|Any CPU.Build.0 = Debug|Any CPU
		{2F92A94A-2721-4611-80DD-A85B2B61479D}.Release|Any CPU.ActiveCfg = Release|Any CPU
		{2F92A94A-2721-4611-80DD-A85B2B61479D}.Release|Any CPU.Build.0 = Release|Any CPU
		{A110A123-28E2-4C96-B9A9-47CCCA7B9B01}.Debug|Any CPU.ActiveCfg = Debug|Any CPU
		{A110A123-28E2-4C96-B9A9-47CCCA7B9B01}.Debug|Any CPU.Build.0 = Debug|Any CPU
		{A110A123-28E2-4C96-B9A9-47CCCA7B9B01}.Release|Any CPU.ActiveCfg = Release|Any CPU
		{A110A123-28E2-4C96-B9A9-47CCCA7B9B01}.Release|Any CPU.Build.0 = Release|Any CPU
		{AFA591DF-3B05-4282-A6D1-2A95C9B63BB7}.Debug|Any CPU.ActiveCfg = Debug|Any CPU
		{AFA591DF-3B05-4282-A6D1-2A95C9B63BB7}.Debug|Any CPU.Build.0 = Debug|Any CPU
		{AFA591DF-3B05-4282-A6D1-2A95C9B63BB7}.Release|Any CPU.ActiveCfg = Release|Any CPU
		{AFA591DF-3B05-4282-A6D1-2A95C9B63BB7}.Release|Any CPU.Build.0 = Release|Any CPU
	EndGlobalSection
	GlobalSection(SolutionProperties) = preSolution
		HideSolutionNode = FALSE
	EndGlobalSection
	GlobalSection(ExtensibilityGlobals) = postSolution
		SolutionGuid = {7A03B571-2FFC-46F0-9130-9604DD126098}
	EndGlobalSection
EndGlobal
